
Microsoft Visual Studio Solution File, Format Version 12.00
# Visual Studio Version 17
VisualStudioVersion = 17.5.002.0
MinimumVisualStudioVersion = 10.0.40219.1
Project("{2150E333-8FDC-42A3-9474-1A3956D46DE8}") = "azure-functions", "azure-functions", "{C78388A3-D2C5-47F4-A3B8-215EB08D5E98}"
EndProject
Project("{9A19103F-16F7-4668-BE54-9A1E7A4F7556}") = "IndexTableFunction", "azure-functions\index-table-function\IndexTableFunction.csproj", "{89799645-1FCE-4683-8B69-6F410931CE76}"
EndProject
Global
	GlobalSection(SolutionConfigurationPlatforms) = preSolution
		Debug|Any CPU = Debug|Any CPU
		Release|Any CPU = Release|Any CPU
	EndGlobalSection
	GlobalSection(ProjectConfigurationPlatforms) = postSolution
		{89799645-1FCE-4683-8B69-6F410931CE76}.Debug|Any CPU.ActiveCfg = Debug|Any CPU
		{89799645-1FCE-4683-8B69-6F410931CE76}.Debug|Any CPU.Build.0 = Debug|Any CPU
		{89799645-1FCE-4683-8B69-6F410931CE76}.Release|Any CPU.ActiveCfg = Release|Any CPU
		{89799645-1FCE-4683-8B69-6F410931CE76}.Release|Any CPU.Build.0 = Release|Any CPU
	EndGlobalSection
	GlobalSection(SolutionProperties) = preSolution
		HideSolutionNode = FALSE
	EndGlobalSection
	GlobalSection(NestedProjects) = preSolution
		{89799645-1FCE-4683-8B69-6F410931CE76} = {C78388A3-D2C5-47F4-A3B8-215EB08D5E98}
	EndGlobalSection
	GlobalSection(ExtensibilityGlobals) = postSolution
		SolutionGuid = {384F91F3-7F6D-4AC0-9867-02FB0C2A9BB1}
	EndGlobalSection
EndGlobal
